// !$*UTF8*$!
{
	archiveVersion = 1;
	classes = {
	};
	objectVersion = 46;
	objects = {

/* Begin PBXBuildFile section */
		378611CB1D3F19B4001E21CE /* AppDelegate.swift in Sources */ = {isa = PBXBuildFile; fileRef = 378611CA1D3F19B4001E21CE /* AppDelegate.swift */; };
		378611CD1D3F19B4001E21CE /* FaceViewController.swift in Sources */ = {isa = PBXBuildFile; fileRef = 378611CC1D3F19B4001E21CE /* FaceViewController.swift */; };
		378611D01D3F19B4001E21CE /* Main.storyboard in Resources */ = {isa = PBXBuildFile; fileRef = 378611CE1D3F19B4001E21CE /* Main.storyboard */; };
		378611D21D3F19B4001E21CE /* Assets.xcassets in Resources */ = {isa = PBXBuildFile; fileRef = 378611D11D3F19B4001E21CE /* Assets.xcassets */; };
		378611D51D3F19B4001E21CE /* LaunchScreen.storyboard in Resources */ = {isa = PBXBuildFile; fileRef = 378611D31D3F19B4001E21CE /* LaunchScreen.storyboard */; };
		378611DE1D3F1B01001E21CE /* FaceView.swift in Sources */ = {isa = PBXBuildFile; fileRef = 378611DD1D3F1B01001E21CE /* FaceView.swift */; };
		37EE0A5F1D58F36300CBF935 /* FacialExpression.swift in Sources */ = {isa = PBXBuildFile; fileRef = 37EE0A5E1D58F36300CBF935 /* FacialExpression.swift */; };
/* End PBXBuildFile section */

/* Begin PBXFileReference section */
		378611C71D3F19B4001E21CE /* FaceDraw.app */ = {isa = PBXFileReference; explicitFileType = wrapper.application; includeInIndex = 0; path = FaceDraw.app; sourceTree = BUILT_PRODUCTS_DIR; };
		378611CA1D3F19B4001E21CE /* AppDelegate.swift */ = {isa = PBXFileReference; lastKnownFileType = sourcecode.swift; path = AppDelegate.swift; sourceTree = "<group>"; };
		378611CC1D3F19B4001E21CE /* FaceViewController.swift */ = {isa = PBXFileReference; lastKnownFileType = sourcecode.swift; path = FaceViewController.swift; sourceTree = "<group>"; };
		378611CF1D3F19B4001E21CE /* Base */ = {isa = PBXFileReference; lastKnownFileType = file.storyboard; name = Base; path = Base.lproj/Main.storyboard; sourceTree = "<group>"; };
		378611D11D3F19B4001E21CE /* Assets.xcassets */ = {isa = PBXFileReference; lastKnownFileType = folder.assetcatalog; path = Assets.xcassets; sourceTree = "<group>"; };
		378611D41D3F19B4001E21CE /* Base */ = {isa = PBXFileReference; lastKnownFileType = file.storyboard; name = Base; path = Base.lproj/LaunchScreen.storyboard; sourceTree = "<group>"; };
		378611D61D3F19B4001E21CE /* Info.plist */ = {isa = PBXFileReference; lastKnownFileType = text.plist.xml; path = Info.plist; sourceTree = "<group>"; };
		378611DD1D3F1B01001E21CE /* FaceView.swift */ = {isa = PBXFileReference; fileEncoding = 4; lastKnownFileType = sourcecode.swift; path = FaceView.swift; sourceTree = "<group>"; };
		37EE0A5E1D58F36300CBF935 /* FacialExpression.swift */ = {isa = PBXFileReference; fileEncoding = 4; lastKnownFileType = sourcecode.swift; path = FacialExpression.swift; sourceTree = "<group>"; };
/* End PBXFileReference section */

/* Begin PBXFrameworksBuildPhase section */
		378611C41D3F19B4001E21CE /* Frameworks */ = {
			isa = PBXFrameworksBuildPhase;
			buildActionMask = 2147483647;
			files = (
			);
			runOnlyForDeploymentPostprocessing = 0;
		};
/* End PBXFrameworksBuildPhase section */

/* Begin PBXGroup section */
		378611BE1D3F19B4001E21CE = {
			isa = PBXGroup;
			children = (
				378611C91D3F19B4001E21CE /* FaceDraw */,
				378611C81D3F19B4001E21CE /* Products */,
			);
			sourceTree = "<group>";
		};
		378611C81D3F19B4001E21CE /* Products */ = {
			isa = PBXGroup;
			children = (
				378611C71D3F19B4001E21CE /* FaceDraw.app */,
			);
			name = Products;
			sourceTree = "<group>";
		};
		378611C91D3F19B4001E21CE /* FaceDraw */ = {
			isa = PBXGroup;
			children = (
				378611DC1D3F19D9001E21CE /* Supporting files */,
				378611CC1D3F19B4001E21CE /* FaceViewController.swift */,
				378611CE1D3F19B4001E21CE /* Main.storyboard */,
				378611DD1D3F1B01001E21CE /* FaceView.swift */,
				37EE0A5E1D58F36300CBF935 /* FacialExpression.swift */,
			);
			path = FaceDraw;
			sourceTree = "<group>";
		};
		378611DC1D3F19D9001E21CE /* Supporting files */ = {
			isa = PBXGroup;
			children = (
				378611CA1D3F19B4001E21CE /* AppDelegate.swift */,
				378611D11D3F19B4001E21CE /* Assets.xcassets */,
				378611D31D3F19B4001E21CE /* LaunchScreen.storyboard */,
				378611D61D3F19B4001E21CE /* Info.plist */,
			);
			name = "Supporting files";
			sourceTree = "<group>";
		};
/* End PBXGroup section */

/* Begin PBXNativeTarget section */
		378611C61D3F19B4001E21CE /* FaceDraw */ = {
			isa = PBXNativeTarget;
			buildConfigurationList = 378611D91D3F19B4001E21CE /* Build configuration list for PBXNativeTarget "FaceDraw" */;
			buildPhases = (
				378611C31D3F19B4001E21CE /* Sources */,
				378611C41D3F19B4001E21CE /* Frameworks */,
				378611C51D3F19B4001E21CE /* Resources */,
			);
			buildRules = (
			);
			dependencies = (
			);
			name = FaceDraw;
			productName = FaceDraw;
			productReference = 378611C71D3F19B4001E21CE /* FaceDraw.app */;
			productType = "com.apple.product-type.application";
		};
/* End PBXNativeTarget section */

/* Begin PBXProject section */
		378611BF1D3F19B4001E21CE /* Project object */ = {
			isa = PBXProject;
			attributes = {
				LastSwiftUpdateCheck = 0730;
				LastUpgradeCheck = 0730;
				ORGANIZATIONNAME = "Muhamed Rahman";
				TargetAttributes = {
					378611C61D3F19B4001E21CE = {
						CreatedOnToolsVersion = 7.3.1;
					};
				};
			};
			buildConfigurationList = 378611C21D3F19B4001E21CE /* Build configuration list for PBXProject "FaceDraw" */;
			compatibilityVersion = "Xcode 3.2";
			developmentRegion = English;
			hasScannedForEncodings = 0;
			knownRegions = (
				en,
				Base,
			);
			mainGroup = 378611BE1D3F19B4001E21CE;
			productRefGroup = 378611C81D3F19B4001E21CE /* Products */;
			projectDirPath = "";
			projectRoot = "";
			targets = (
				378611C61D3F19B4001E21CE /* FaceDraw */,
			);
		};
/* End PBXProject section */

/* Begin PBXResourcesBuildPhase section */
		378611C51D3F19B4001E21CE /* Resources */ = {
			isa = PBXResourcesBuildPhase;
			buildActionMask = 2147483647;
			files = (
				378611D51D3F19B4001E21CE /* LaunchScreen.storyboard in Resources */,
				378611D21D3F19B4001E21CE /* Assets.xcassets in Resources */,
				378611D01D3F19B4001E21CE /* Main.storyboard in Resources */,
			);
			runOnlyForDeploymentPostprocessing = 0;
		};
/* End PBXResourcesBuildPhase section */

/* Begin PBXSourcesBuildPhase section */
		378611C31D3F19B4001E21CE /* Sources */ = {
			isa = PBXSourcesBuildPhase;
			buildActionMask = 2147483647;
			files = (
				378611CD1D3F19B4001E21CE /* FaceViewController.swift in Sources */,
				37EE0A5F1D58F36300CBF935 /* FacialExpression.swift in Sources */,
				378611CB1D3F19B4001E21CE /* AppDelegate.swift in Sources */,
				378611DE1D3F1B01001E21CE /* FaceView.swift in Sources */,
			);
			runOnlyForDeploymentPostprocessing = 0;
		};
/* End PBXSourcesBuildPhase section */

/* Begin PBXVariantGroup section */
		378611CE1D3F19B4001E21CE /* Main.storyboard */ = {
			isa = PBXVariantGroup;
			children = (
				378611CF1D3F19B4001E21CE /* Base */,
			);
			name = Main.storyboard;
			sourceTree = "<group>";
		};
		378611D31D3F19B4001E21CE /* LaunchScreen.storyboard */ = {
			isa = PBXVariantGroup;
			children = (
				378611D41D3F19B4001E21CE /* Base */,
			);
			name = LaunchScreen.storyboard;
			sourceTree = "<group>";
		};
/* End PBXVariantGroup section */

/* Begin XCBuildConfiguration section */
		378611D71D3F19B4001E21CE /* Debug */ = {
			isa = XCBuildConfiguration;
			buildSettings = {
				ALWAYS_SEARCH_USER_PATHS = NO;
				CLANG_ANALYZER_NONNULL = YES;
				CLANG_CXX_LANGUAGE_STANDARD = "gnu++0x";
				CLANG_CXX_LIBRARY = "libc++";
				CLANG_ENABLE_MODULES = YES;
				CLANG_ENABLE_OBJC_ARC = YES;
				CLANG_WARN_BOOL_CONVERSION = YES;
				CLANG_WARN_CONSTANT_CONVERSION = YES;
				CLANG_WARN_DIRECT_OBJC_ISA_USAGE = YES_ERROR;
				CLANG_WARN_EMPTY_BODY = YES;
				CLANG_WARN_ENUM_CONVERSION = YES;
				CLANG_WARN_INT_CONVERSION = YES;
				CLANG_WARN_OBJC_ROOT_CLASS = YES_ERROR;
				CLANG_WARN_UNREACHABLE_CODE = YES;
				CLANG_WARN__DUPLICATE_METHOD_MATCH = YES;
				"CODE_SIGN_IDENTITY[sdk=iphoneos*]" = "iPhone Developer";
				COPY_PHASE_STRIP = NO;
				DEBUG_INFORMATION_FORMAT = dwarf;
				ENABLE_STRICT_OBJC_MSGSEND = YES;
				ENABLE_TESTABILITY = YES;
				GCC_C_LANGUAGE_STANDARD = gnu99;
				GCC_DYNAMIC_NO_PIC = NO;
				GCC_NO_COMMON_BLOCKS = YES;
				GCC_OPTIMIZATION_LEVEL = 0;
				GCC_PREPROCESSOR_DEFINITIONS = (
					"DEBUG=1",
					"$(inherited)",
				);
				GCC_WARN_64_TO_32_BIT_CONVERSION = YES;
				GCC_WARN_ABOUT_RETURN_TYPE = YES_ERROR;
				GCC_WARN_UNDECLARED_SELECTOR = YES;
				GCC_WARN_UNINITIALIZED_AUTOS = YES_AGGRESSIVE;
				GCC_WARN_UNUSED_FUNCTION = YES;
				GCC_WARN_UNUSED_VARIABLE = YES;
				IPHONEOS_DEPLOYMENT_TARGET = 9.3;
				MTL_ENABLE_DEBUG_INFO = YES;
				ONLY_ACTIVE_ARCH = YES;
				SDKROOT = iphoneos;
				SWIFT_OPTIMIZATION_LEVEL = "-Onone";
				TARGETED_DEVICE_FAMILY = "1,2";
			};
			name = Debug;
		};
		378611D81D3F19B4001E21CE /* Release */ = {
			isa = XCBuildConfiguration;
			buildSettings = {
				ALWAYS_SEARCH_USER_PATHS = NO;
				CLANG_ANALYZER_NONNULL = YES;
				CLANG_CXX_LANGUAGE_STANDARD = "gnu++0x";
				CLANG_CXX_LIBRARY = "libc++";
				CLANG_ENABLE_MODULES = YES;
				CLANG_ENABLE_OBJC_ARC = YES;
				CLANG_WARN_BOOL_CONVERSION = YES;
				CLANG_WARN_CONSTANT_CONVERSION = YES;
				CLANG_WARN_DIRECT_OBJC_ISA_USAGE = YES_ERROR;
				CLANG_WARN_EMPTY_BODY = YES;
				CLANG_WARN_ENUM_CONVERSION = YES;
				CLANG_WARN_INT_CONVERSION = YES;
				CLANG_WARN_OBJC_ROOT_CLASS = YES_ERROR;
				CLANG_WARN_UNREACHABLE_CODE = YES;
				CLANG_WARN__DUPLICATE_METHOD_MATCH = YES;
				"CODE_SIGN_IDENTITY[sdk=iphoneos*]" = "iPhone Developer";
				COPY_PHASE_STRIP = NO;
				DEBUG_INFORMATION_FORMAT = "dwarf-with-dsym";
				ENABLE_NS_ASSERTIONS = NO;
				ENABLE_STRICT_OBJC_MSGSEND = YES;
				GCC_C_LANGUAGE_STANDARD = gnu99;
				GCC_NO_COMMON_BLOCKS = YES;
				GCC_WARN_64_TO_32_BIT_CONVERSION = YES;
				GCC_WARN_ABOUT_RETURN_TYPE = YES_ERROR;
				GCC_WARN_UNDECLARED_SELECTOR = YES;
				GCC_WARN_UNINITIALIZED_AUTOS = YES_AGGRESSIVE;
				GCC_WARN_UNUSED_FUNCTION = YES;
				GCC_WARN_UNUSED_VARIABLE = YES;
				IPHONEOS_DEPLOYMENT_TARGET = 9.3;
				MTL_ENABLE_DEBUG_INFO = NO;
				SDKROOT = iphoneos;
				TARGETED_DEVICE_FAMILY = "1,2";
				VALIDATE_PRODUCT = YES;
			};
			name = Release;
		};
		378611DA1D3F19B4001E21CE /* Debug */ = {
			isa = XCBuildConfiguration;
			buildSettings = {
				ASSETCATALOG_COMPILER_APPICON_NAME = AppIcon;
				INFOPLIST_FILE = FaceDraw/Info.plist;
				LD_RUNPATH_SEARCH_PATHS = "$(inherited) @executable_path/Frameworks";
				PRODUCT_BUNDLE_IDENTIFIER = edu.nyu.mmr548.FaceDraw;
				PRODUCT_NAME = "$(TARGET_NAME)";
			};
			name = Debug;
		};
		378611DB1D3F19B4001E21CE /* Release */ = {
			isa = XCBuildConfiguration;
			buildSettings = {
				ASSETCATALOG_COMPILER_APPICON_NAME = AppIcon;
				INFOPLIST_FILE = FaceDraw/Info.plist;
				LD_RUNPATH_SEARCH_PATHS = "$(inherited) @executable_path/Frameworks";
				PRODUCT_BUNDLE_IDENTIFIER = edu.nyu.mmr548.FaceDraw;
				PRODUCT_NAME = "$(TARGET_NAME)";
			};
			name = Release;
		};
/* End XCBuildConfiguration section */

/* Begin XCConfigurationList section */
		378611C21D3F19B4001E21CE /* Build configuration list for PBXProject "FaceDraw" */ = {
			isa = XCConfigurationList;
			buildConfigurations = (
				378611D71D3F19B4001E21CE /* Debug */,
				378611D81D3F19B4001E21CE /* Release */,
			);
			defaultConfigurationIsVisible = 0;
			defaultConfigurationName = Release;
		};
		378611D91D3F19B4001E21CE /* Build configuration list for PBXNativeTarget "FaceDraw" */ = {
			isa = XCConfigurationList;
			buildConfigurations = (
				378611DA1D3F19B4001E21CE /* Debug */,
				378611DB1D3F19B4001E21CE /* Release */,
			);
			defaultConfigurationIsVisible = 0;
			defaultConfigurationName = Release;
		};
/* End XCConfigurationList section */
	};
	rootObject = 378611BF1D3F19B4001E21CE /* Project object */;
}
